
Microsoft Visual Studio Solution File, Format Version 12.00
# Visual Studio 15
VisualStudioVersion = 15.0.28307.329
MinimumVisualStudioVersion = 10.0.40219.1
Project("{FAE04EC0-301F-11D3-BF4B-00C04F79EFBC}") = "Models", "Models\Models.csproj", "{B61ECD1A-A67B-45E3-BEE7-A604B38073FA}"
EndProject
Project("{FAE04EC0-301F-11D3-BF4B-00C04F79EFBC}") = "Main2", "Main2\Main2.csproj", "{D08AE19F-1213-4397-9FFA-60D2BB755F29}"
EndProject
Global
	GlobalSection(SolutionConfigurationPlatforms) = preSolution
		Debug|Any CPU = Debug|Any CPU
		Release|Any CPU = Release|Any CPU
	EndGlobalSection
	GlobalSection(ProjectConfigurationPlatforms) = postSolution
		{B61ECD1A-A67B-45E3-BEE7-A604B38073FA}.Debug|Any CPU.ActiveCfg = Debug|Any CPU
		{B61ECD1A-A67B-45E3-BEE7-A604B38073FA}.Debug|Any CPU.Build.0 = Debug|Any CPU
		{B61ECD1A-A67B-45E3-BEE7-A604B38073FA}.Release|Any CPU.ActiveCfg = Release|Any CPU
		{B61ECD1A-A67B-45E3-BEE7-A604B38073FA}.Release|Any CPU.Build.0 = Release|Any CPU
		{D08AE19F-1213-4397-9FFA-60D2BB755F29}.Debug|Any CPU.ActiveCfg = Debug|Any CPU
		{D08AE19F-1213-4397-9FFA-60D2BB755F29}.Debug|Any CPU.Build.0 = Debug|Any CPU
		{D08AE19F-1213-4397-9FFA-60D2BB755F29}.Release|Any CPU.ActiveCfg = Release|Any CPU
		{D08AE19F-1213-4397-9FFA-60D2BB755F29}.Release|Any CPU.Build.0 = Release|Any CPU
	EndGlobalSection
	GlobalSection(SolutionProperties) = preSolution
		HideSolutionNode = FALSE
	EndGlobalSection
	GlobalSection(ExtensibilityGlobals) = postSolution
		SolutionGuid = {08934019-48C1-4734-95D0-334168F47CE5}
	EndGlobalSection
EndGlobal
